<Solution>
  <Folder Name="/src/">
    <Project Path="src/FFAudio.NET/FFAudio.NET.csproj" />
  </Folder>
  <Folder Name="/tests/">
    <Project Path="tests/FFAudio.Tests/FFAudio.Tests.csproj" />
  </Folder>
  <Folder Name="/checks/">
    <Project Path="checks/FFAudio.Checks/FFAudio.Checks.csproj" />
  </Folder>
</Solution>
